
Microsoft Visual Studio Solution File, Format Version 12.00
# Visual Studio 15
VisualStudioVersion = 15.0.27130.2036
MinimumVisualStudioVersion = 10.0.40219.1
Project("{9A19103F-16F7-4668-BE54-9A1E7A4F7556}") = "TerminalVelocity", "src\TerminalVelocity\TerminalVelocity.csproj", "{6EAD03E3-51CF-4E95-9752-4D61C0D0AD3C}"
EndProject
Project("{9A19103F-16F7-4668-BE54-9A1E7A4F7556}") = "TerminalVelocity.Tests", "src\TerminalVelocity.Tests\TerminalVelocity.Tests.csproj", "{3D79FD74-33A4-4CBD-8E80-63F2A6DF6D6A}"
EndProject
Project("{9A19103F-16F7-4668-BE54-9A1E7A4F7556}") = "TerminalVelocity.Direct2D", "src\TerminalVelocity.Direct2D\TerminalVelocity.Direct2D.csproj", "{27BD4E98-C4FC-48C8-AC3C-BCBE459D8BB6}"
EndProject
Global
	GlobalSection(SolutionConfigurationPlatforms) = preSolution
		Debug|Any CPU = Debug|Any CPU
		Release|Any CPU = Release|Any CPU
	EndGlobalSection
	GlobalSection(ProjectConfigurationPlatforms) = postSolution
		{6EAD03E3-51CF-4E95-9752-4D61C0D0AD3C}.Debug|Any CPU.ActiveCfg = Debug|Any CPU
		{6EAD03E3-51CF-4E95-9752-4D61C0D0AD3C}.Debug|Any CPU.Build.0 = Debug|Any CPU
		{6EAD03E3-51CF-4E95-9752-4D61C0D0AD3C}.Release|Any CPU.ActiveCfg = Release|Any CPU
		{6EAD03E3-51CF-4E95-9752-4D61C0D0AD3C}.Release|Any CPU.Build.0 = Release|Any CPU
		{3D79FD74-33A4-4CBD-8E80-63F2A6DF6D6A}.Debug|Any CPU.ActiveCfg = Debug|Any CPU
		{3D79FD74-33A4-4CBD-8E80-63F2A6DF6D6A}.Debug|Any CPU.Build.0 = Debug|Any CPU
		{3D79FD74-33A4-4CBD-8E80-63F2A6DF6D6A}.Release|Any CPU.ActiveCfg = Release|Any CPU
		{3D79FD74-33A4-4CBD-8E80-63F2A6DF6D6A}.Release|Any CPU.Build.0 = Release|Any CPU
		{27BD4E98-C4FC-48C8-AC3C-BCBE459D8BB6}.Debug|Any CPU.ActiveCfg = Debug|Any CPU
		{27BD4E98-C4FC-48C8-AC3C-BCBE459D8BB6}.Debug|Any CPU.Build.0 = Debug|Any CPU
		{27BD4E98-C4FC-48C8-AC3C-BCBE459D8BB6}.Release|Any CPU.ActiveCfg = Release|Any CPU
		{27BD4E98-C4FC-48C8-AC3C-BCBE459D8BB6}.Release|Any CPU.Build.0 = Release|Any CPU
	EndGlobalSection
	GlobalSection(SolutionProperties) = preSolution
		HideSolutionNode = FALSE
	EndGlobalSection
	GlobalSection(ExtensibilityGlobals) = postSolution
		SolutionGuid = {6BF4297E-1A31-4282-AA9D-361268AA249B}
	EndGlobalSection
EndGlobal
